
Microsoft Visual Studio Solution File, Format Version 12.00
Project("{FAE04EC0-301F-11D3-BF4B-00C04F79EFBC}") = "NaiveBayes", "NaiveBayes\NaiveBayes.csproj", "{07303877-12D7-4DAA-B84B-E1EDADDD7724}"
EndProject
Global
	GlobalSection(SolutionConfigurationPlatforms) = preSolution
		Debug|Any CPU = Debug|Any CPU
		Release|Any CPU = Release|Any CPU
	EndGlobalSection
	GlobalSection(ProjectConfigurationPlatforms) = postSolution
		{07303877-12D7-4DAA-B84B-E1EDADDD7724}.Debug|Any CPU.ActiveCfg = Debug|Any CPU
		{07303877-12D7-4DAA-B84B-E1EDADDD7724}.Debug|Any CPU.Build.0 = Debug|Any CPU
		{07303877-12D7-4DAA-B84B-E1EDADDD7724}.Release|Any CPU.ActiveCfg = Release|Any CPU
		{07303877-12D7-4DAA-B84B-E1EDADDD7724}.Release|Any CPU.Build.0 = Release|Any CPU
	EndGlobalSection
EndGlobal
